dependencies:
- name: kafka
  repository: https://charts.bitnami.com/bitnami
  version: 19.0.2
- name: console
  repository: https://charts.redpanda.com
  version: 0.6.6
- name: mongodb
  repository: https://charts.bitnami.com/bitnami
  version: 13.3.1
- name: mongo-express
  repository: https://cowboysysop.github.io/charts/
  version: 3.1.1
- name: redis
  repository: https://charts.bitnami.com/bitnami
  version: 17.11.6
- name: elasticsearch
  repository: https://charts.bitnami.com/bitnami
  version: 21.3.22
- name: mysql
  repository: https://charts.bitnami.com/bitnami
  version: 9.4.5
digest: sha256:4fab06dda0a492a57556c043909894cb69a3c1a1f6955455d8ad6976d9fa7e01
generated: "2024-10-17T23:59:29.594502932Z"
